// !$*UTF8*$!
{
	archiveVersion = 1;
	classes = {
	};
	objectVersion = 50;
	objects = {

/* Begin PBXBuildFile section */
		023C622D2289A80B00671B7F /* CreateJournalViewController.swift in Sources */ = {isa = PBXBuildFile; fileRef = 023C622C2289A80B00671B7F /* CreateJournalViewController.swift */; };
		023C622F2289A81B00671B7F /* PhotoCollectionCollectionViewController.swift in Sources */ = {isa = PBXBuildFile; fileRef = 023C622E2289A81B00671B7F /* PhotoCollectionCollectionViewController.swift */; };
		023C62312289A82B00671B7F /* JournalDetailViewController.swift in Sources */ = {isa = PBXBuildFile; fileRef = 023C62302289A82B00671B7F /* JournalDetailViewController.swift */; };
		023C62332289B05200671B7F /* JournalTableViewController.swift in Sources */ = {isa = PBXBuildFile; fileRef = 023C62322289B05200671B7F /* JournalTableViewController.swift */; };
		02D26392228085D5009526C4 /* AppDelegate.swift in Sources */ = {isa = PBXBuildFile; fileRef = 02D26391228085D5009526C4 /* AppDelegate.swift */; };
		02D26397228085D5009526C4 /* Main.storyboard in Resources */ = {isa = PBXBuildFile; fileRef = 02D26395228085D5009526C4 /* Main.storyboard */; };
		02D26399228085D6009526C4 /* Assets.xcassets in Resources */ = {isa = PBXBuildFile; fileRef = 02D26398228085D6009526C4 /* Assets.xcassets */; };
		02D2639C228085D6009526C4 /* LaunchScreen.storyboard in Resources */ = {isa = PBXBuildFile; fileRef = 02D2639A228085D6009526C4 /* LaunchScreen.storyboard */; };
/* End PBXBuildFile section */

/* Begin PBXFileReference section */
		023C622C2289A80B00671B7F /* CreateJournalViewController.swift */ = {isa = PBXFileReference; lastKnownFileType = sourcecode.swift; path = CreateJournalViewController.swift; sourceTree = "<group>"; };
		023C622E2289A81B00671B7F /* PhotoCollectionCollectionViewController.swift */ = {isa = PBXFileReference; lastKnownFileType = sourcecode.swift; path = PhotoCollectionCollectionViewController.swift; sourceTree = "<group>"; };
		023C62302289A82B00671B7F /* JournalDetailViewController.swift */ = {isa = PBXFileReference; lastKnownFileType = sourcecode.swift; path = JournalDetailViewController.swift; sourceTree = "<group>"; };
		023C62322289B05200671B7F /* JournalTableViewController.swift */ = {isa = PBXFileReference; lastKnownFileType = sourcecode.swift; path = JournalTableViewController.swift; sourceTree = "<group>"; };
		02D2638E228085D5009526C4 /* Day One Clone.app */ = {isa = PBXFileReference; explicitFileType = wrapper.application; includeInIndex = 0; path = "Day One Clone.app"; sourceTree = BUILT_PRODUCTS_DIR; };
		02D26391228085D5009526C4 /* AppDelegate.swift */ = {isa = PBXFileReference; lastKnownFileType = sourcecode.swift; path = AppDelegate.swift; sourceTree = "<group>"; };
		02D26396228085D5009526C4 /* Base */ = {isa = PBXFileReference; lastKnownFileType = file.storyboard; name = Base; path = Base.lproj/Main.storyboard; sourceTree = "<group>"; };
		02D26398228085D6009526C4 /* Assets.xcassets */ = {isa = PBXFileReference; lastKnownFileType = folder.assetcatalog; path = Assets.xcassets; sourceTree = "<group>"; };
		02D2639B228085D6009526C4 /* Base */ = {isa = PBXFileReference; lastKnownFileType = file.storyboard; name = Base; path = Base.lproj/LaunchScreen.storyboard; sourceTree = "<group>"; };
		02D2639D228085D6009526C4 /* Info.plist */ = {isa = PBXFileReference; lastKnownFileType = text.plist.xml; path = Info.plist; sourceTree = "<group>"; };
/* End PBXFileReference section */

/* Begin PBXFrameworksBuildPhase section */
		02D2638B228085D5009526C4 /* Frameworks */ = {
			isa = PBXFrameworksBuildPhase;
			buildActionMask = 2147483647;
			files = (
			);
			runOnlyForDeploymentPostprocessing = 0;
		};
/* End PBXFrameworksBuildPhase section */

/* Begin PBXGroup section */
		02D26385228085D5009526C4 = {
			isa = PBXGroup;
			children = (
				02D26390228085D5009526C4 /* Day One Clone */,
				02D2638F228085D5009526C4 /* Products */,
			);
			sourceTree = "<group>";
		};
		02D2638F228085D5009526C4 /* Products */ = {
			isa = PBXGroup;
			children = (
				02D2638E228085D5009526C4 /* Day One Clone.app */,
			);
			name = Products;
			sourceTree = "<group>";
		};
		02D26390228085D5009526C4 /* Day One Clone */ = {
			isa = PBXGroup;
			children = (
				02D26391228085D5009526C4 /* AppDelegate.swift */,
				02D26395228085D5009526C4 /* Main.storyboard */,
				02D26398228085D6009526C4 /* Assets.xcassets */,
				02D2639A228085D6009526C4 /* LaunchScreen.storyboard */,
				02D2639D228085D6009526C4 /* Info.plist */,
				023C622C2289A80B00671B7F /* CreateJournalViewController.swift */,
				023C622E2289A81B00671B7F /* PhotoCollectionCollectionViewController.swift */,
				023C62302289A82B00671B7F /* JournalDetailViewController.swift */,
				023C62322289B05200671B7F /* JournalTableViewController.swift */,
			);
			path = "Day One Clone";
			sourceTree = "<group>";
		};
/* End PBXGroup section */

/* Begin PBXNativeTarget section */
		02D2638D228085D5009526C4 /* Day One Clone */ = {
			isa = PBXNativeTarget;
			buildConfigurationList = 02D263A0228085D6009526C4 /* Build configuration list for PBXNativeTarget "Day One Clone" */;
			buildPhases = (
				02D2638A228085D5009526C4 /* Sources */,
				02D2638B228085D5009526C4 /* Frameworks */,
				02D2638C228085D5009526C4 /* Resources */,
			);
			buildRules = (
			);
			dependencies = (
			);
			name = "Day One Clone";
			productName = "Day One Clone";
			productReference = 02D2638E228085D5009526C4 /* Day One Clone.app */;
			productType = "com.apple.product-type.application";
		};
/* End PBXNativeTarget section */

/* Begin PBXProject section */
		02D26386228085D5009526C4 /* Project object */ = {
			isa = PBXProject;
			attributes = {
				LastSwiftUpdateCheck = 1020;
				LastUpgradeCheck = 1020;
				ORGANIZATIONNAME = "Phizer Cost";
				TargetAttributes = {
					02D2638D228085D5009526C4 = {
						CreatedOnToolsVersion = 10.2.1;
					};
				};
			};
			buildConfigurationList = 02D26389228085D5009526C4 /* Build configuration list for PBXProject "Day One Clone" */;
			compatibilityVersion = "Xcode 9.3";
			developmentRegion = en;
			hasScannedForEncodings = 0;
			knownRegions = (
				en,
				Base,
			);
			mainGroup = 02D26385228085D5009526C4;
			productRefGroup = 02D2638F228085D5009526C4 /* Products */;
			projectDirPath = "";
			projectRoot = "";
			targets = (
				02D2638D228085D5009526C4 /* Day One Clone */,
			);
		};
/* End PBXProject section */

/* Begin PBXResourcesBuildPhase section */
		02D2638C228085D5009526C4 /* Resources */ = {
			isa = PBXResourcesBuildPhase;
			buildActionMask = 2147483647;
			files = (
				02D2639C228085D6009526C4 /* LaunchScreen.storyboard in Resources */,
				02D26399228085D6009526C4 /* Assets.xcassets in Resources */,
				02D26397228085D5009526C4 /* Main.storyboard in Resources */,
			);
			runOnlyForDeploymentPostprocessing = 0;
		};
/* End PBXResourcesBuildPhase section */

/* Begin PBXSourcesBuildPhase section */
		02D2638A228085D5009526C4 /* Sources */ = {
			isa = PBXSourcesBuildPhase;
			buildActionMask = 2147483647;
			files = (
				023C62312289A82B00671B7F /* JournalDetailViewController.swift in Sources */,
				023C622F2289A81B00671B7F /* PhotoCollectionCollectionViewController.swift in Sources */,
				023C62332289B05200671B7F /* JournalTableViewController.swift in Sources */,
				023C622D2289A80B00671B7F /* CreateJournalViewController.swift in Sources */,
				02D26392228085D5009526C4 /* AppDelegate.swift in Sources */,
			);
			runOnlyForDeploymentPostprocessing = 0;
		};
/* End PBXSourcesBuildPhase section */

/* Begin PBXVariantGroup section */
		02D26395228085D5009526C4 /* Main.storyboard */ = {
			isa = PBXVariantGroup;
			children = (
				02D26396228085D5009526C4 /* Base */,
			);
			name = Main.storyboard;
			sourceTree = "<group>";
		};
		02D2639A228085D6009526C4 /* LaunchScreen.storyboard */ = {
			isa = PBXVariantGroup;
			children = (
				02D2639B228085D6009526C4 /* Base */,
			);
			name = LaunchScreen.storyboard;
			sourceTree = "<group>";
		};
/* End PBXVariantGroup section */

/* Begin XCBuildConfiguration section */
		02D2639E228085D6009526C4 /* Debug */ = {
			isa = XCBuildConfiguration;
			buildSettings = {
				ALWAYS_SEARCH_USER_PATHS = NO;
				CLANG_ANALYZER_NONNULL = YES;
				CLANG_ANALYZER_NUMBER_OBJECT_CONVERSION = YES_AGGRESSIVE;
				CLANG_CXX_LANGUAGE_STANDARD = "gnu++14";
				CLANG_CXX_LIBRARY = "libc++";
				CLANG_ENABLE_MODULES = YES;
				CLANG_ENABLE_OBJC_ARC = YES;
				CLANG_ENABLE_OBJC_WEAK = YES;
				CLANG_WARN_BLOCK_CAPTURE_AUTORELEASING = YES;
				CLANG_WARN_BOOL_CONVERSION = YES;
				CLANG_WARN_COMMA = YES;
				CLANG_WARN_CONSTANT_CONVERSION = YES;
				CLANG_WARN_DEPRECATED_OBJC_IMPLEMENTATIONS = YES;
				CLANG_WARN_DIRECT_OBJC_ISA_USAGE = YES_ERROR;
				CLANG_WARN_DOCUMENTATION_COMMENTS = YES;
				CLANG_WARN_EMPTY_BODY = YES;
				CLANG_WARN_ENUM_CONVERSION = YES;
				CLANG_WARN_INFINITE_RECURSION = YES;
				CLANG_WARN_INT_CONVERSION = YES;
				CLANG_WARN_NON_LITERAL_NULL_CONVERSION = YES;
				CLANG_WARN_OBJC_IMPLICIT_RETAIN_SELF = YES;
				CLANG_WARN_OBJC_LITERAL_CONVERSION = YES;
				CLANG_WARN_OBJC_ROOT_CLASS = YES_ERROR;
				CLANG_WARN_RANGE_LOOP_ANALYSIS = YES;
				CLANG_WARN_STRICT_PROTOTYPES = YES;
				CLANG_WARN_SUSPICIOUS_MOVE = YES;
				CLANG_WARN_UNGUARDED_AVAILABILITY = YES_AGGRESSIVE;
				CLANG_WARN_UNREACHABLE_CODE = YES;
				CLANG_WARN__DUPLICATE_METHOD_MATCH = YES;
				CODE_SIGN_IDENTITY = "iPhone Developer";
				COPY_PHASE_STRIP = NO;
				DEBUG_INFORMATION_FORMAT = dwarf;
				ENABLE_STRICT_OBJC_MSGSEND = YES;
				ENABLE_TESTABILITY = YES;
				GCC_C_LANGUAGE_STANDARD = gnu11;
				GCC_DYNAMIC_NO_PIC = NO;
				GCC_NO_COMMON_BLOCKS = YES;
				GCC_OPTIMIZATION_LEVEL = 0;
				GCC_PREPROCESSOR_DEFINITIONS = (
					"DEBUG=1",
					"$(inherited)",
				);
				GCC_WARN_64_TO_32_BIT_CONVERSION = YES;
				GCC_WARN_ABOUT_RETURN_TYPE = YES_ERROR;
				GCC_WARN_UNDECLARED_SELECTOR = YES;
				GCC_WARN_UNINITIALIZED_AUTOS = YES_AGGRESSIVE;
				GCC_WARN_UNUSED_FUNCTION = YES;
				GCC_WARN_UNUSED_VARIABLE = YES;
				IPHONEOS_DEPLOYMENT_TARGET = 12.2;
				MTL_ENABLE_DEBUG_INFO = INCLUDE_SOURCE;
				MTL_FAST_MATH = YES;
				ONLY_ACTIVE_ARCH = YES;
				SDKROOT = iphoneos;
				SWIFT_ACTIVE_COMPILATION_CONDITIONS = DEBUG;
				SWIFT_OPTIMIZATION_LEVEL = "-Onone";
			};
			name = Debug;
		};
		02D2639F228085D6009526C4 /* Release */ = {
			isa = XCBuildConfiguration;
			buildSettings = {
				ALWAYS_SEARCH_USER_PATHS = NO;
				CLANG_ANALYZER_NONNULL = YES;
				CLANG_ANALYZER_NUMBER_OBJECT_CONVERSION = YES_AGGRESSIVE;
				CLANG_CXX_LANGUAGE_STANDARD = "gnu++14";
				CLANG_CXX_LIBRARY = "libc++";
				CLANG_ENABLE_MODULES = YES;
				CLANG_ENABLE_OBJC_ARC = YES;
				CLANG_ENABLE_OBJC_WEAK = YES;
				CLANG_WARN_BLOCK_CAPTURE_AUTORELEASING = YES;
				CLANG_WARN_BOOL_CONVERSION = YES;
				CLANG_WARN_COMMA = YES;
				CLANG_WARN_CONSTANT_CONVERSION = YES;
				CLANG_WARN_DEPRECATED_OBJC_IMPLEMENTATIONS = YES;
				CLANG_WARN_DIRECT_OBJC_ISA_USAGE = YES_ERROR;
				CLANG_WARN_DOCUMENTATION_COMMENTS = YES;
				CLANG_WARN_EMPTY_BODY = YES;
				CLANG_WARN_ENUM_CONVERSION = YES;
				CLANG_WARN_INFINITE_RECURSION = YES;
				CLANG_WARN_INT_CONVERSION = YES;
				CLANG_WARN_NON_LITERAL_NULL_CONVERSION = YES;
				CLANG_WARN_OBJC_IMPLICIT_RETAIN_SELF = YES;
				CLANG_WARN_OBJC_LITERAL_CONVERSION = YES;
				CLANG_WARN_OBJC_ROOT_CLASS = YES_ERROR;
				CLANG_WARN_RANGE_LOOP_ANALYSIS = YES;
				CLANG_WARN_STRICT_PROTOTYPES = YES;
				CLANG_WARN_SUSPICIOUS_MOVE = YES;
				CLANG_WARN_UNGUARDED_AVAILABILITY = YES_AGGRESSIVE;
				CLANG_WARN_UNREACHABLE_CODE = YES;
				CLANG_WARN__DUPLICATE_METHOD_MATCH = YES;
				CODE_SIGN_IDENTITY = "iPhone Developer";
				COPY_PHASE_STRIP = NO;
				DEBUG_INFORMATION_FORMAT = "dwarf-with-dsym";
				ENABLE_NS_ASSERTIONS = NO;
				ENABLE_STRICT_OBJC_MSGSEND = YES;
				GCC_C_LANGUAGE_STANDARD = gnu11;
				GCC_NO_COMMON_BLOCKS = YES;
				GCC_WARN_64_TO_32_BIT_CONVERSION = YES;
				GCC_WARN_ABOUT_RETURN_TYPE = YES_ERROR;
				GCC_WARN_UNDECLARED_SELECTOR = YES;
				GCC_WARN_UNINITIALIZED_AUTOS = YES_AGGRESSIVE;
				GCC_WARN_UNUSED_FUNCTION = YES;
				GCC_WARN_UNUSED_VARIABLE = YES;
				IPHONEOS_DEPLOYMENT_TARGET = 12.2;
				MTL_ENABLE_DEBUG_INFO = NO;
				MTL_FAST_MATH = YES;
				SDKROOT = iphoneos;
				SWIFT_COMPILATION_MODE = wholemodule;
				SWIFT_OPTIMIZATION_LEVEL = "-O";
				VALIDATE_PRODUCT = YES;
			};
			name = Release;
		};
		02D263A1228085D6009526C4 /* Debug */ = {
			isa = XCBuildConfiguration;
			buildSettings = {
				ASSETCATALOG_COMPILER_APPICON_NAME = AppIcon;
				CODE_SIGN_STYLE = Automatic;
				DEVELOPMENT_TEAM = 9Z33W2Z33C;
				INFOPLIST_FILE = "Day One Clone/Info.plist";
				LD_RUNPATH_SEARCH_PATHS = (
					"$(inherited)",
					"@executable_path/Frameworks",
				);
				PRODUCT_BUNDLE_IDENTIFIER = "com.phizercost.Day-One-Clone";
				PRODUCT_NAME = "$(TARGET_NAME)";
				SWIFT_VERSION = 5.0;
				TARGETED_DEVICE_FAMILY = "1,2";
			};
			name = Debug;
		};
		02D263A2228085D6009526C4 /* Release */ = {
			isa = XCBuildConfiguration;
			buildSettings = {
				ASSETCATALOG_COMPILER_APPICON_NAME = AppIcon;
				CODE_SIGN_STYLE = Automatic;
				DEVELOPMENT_TEAM = 9Z33W2Z33C;
				INFOPLIST_FILE = "Day One Clone/Info.plist";
				LD_RUNPATH_SEARCH_PATHS = (
					"$(inherited)",
					"@executable_path/Frameworks",
				);
				PRODUCT_BUNDLE_IDENTIFIER = "com.phizercost.Day-One-Clone";
				PRODUCT_NAME = "$(TARGET_NAME)";
				SWIFT_VERSION = 5.0;
				TARGETED_DEVICE_FAMILY = "1,2";
			};
			name = Release;
		};
/* End XCBuildConfiguration section */

/* Begin XCConfigurationList section */
		02D26389228085D5009526C4 /* Build configuration list for PBXProject "Day One Clone" */ = {
			isa = XCConfigurationList;
			buildConfigurations = (
				02D2639E228085D6009526C4 /* Debug */,
				02D2639F228085D6009526C4 /* Release */,
			);
			defaultConfigurationIsVisible = 0;
			defaultConfigurationName = Release;
		};
		02D263A0228085D6009526C4 /* Build configuration list for PBXNativeTarget "Day One Clone" */ = {
			isa = XCConfigurationList;
			buildConfigurations = (
				02D263A1228085D6009526C4 /* Debug */,
				02D263A2228085D6009526C4 /* Release */,
			);
			defaultConfigurationIsVisible = 0;
			defaultConfigurationName = Release;
		};
/* End XCConfigurationList section */
	};
	rootObject = 02D26386228085D5009526C4 /* Project object */;
}
